Microsoft Visual Studio Solution File, Format Version 12.00
# Visual Studio 15
VisualStudioVersion = 15.0.26124.0
MinimumVisualStudioVersion = 15.0.26124.0
Project("{2150E333-8FDC-42A3-9474-1A3956D46DE8}") = "tests", "tests", "{46711499-C755-406C-AD34-F8E447AB22F7}"
EndProject
Project("{9A19103F-16F7-4668-BE54-9A1E7A4F7556}") = "OpenGraphNet.Tests", "tests\OpenGraphNet.Tests\OpenGraphNet.Tests.csproj", "{3EDEC857-34A5-4B2F-AC32-1F2729BB08A1}"
EndProject
Project("{2150E333-8FDC-42A3-9474-1A3956D46DE8}") = "src", "src", "{8520AC5A-016E-44AD-AE27-7F81BAC77825}"
EndProject
Project("{9A19103F-16F7-4668-BE54-9A1E7A4F7556}") = "OpenGraphNet", "src\OpenGraphNet\OpenGraphNet.csproj", "{B147C797-C293-4B8E-A8AC-22959345AEFE}"
EndProject
Global
	GlobalSection(SolutionConfigurationPlatforms) = preSolution
		Debug|Any CPU = Debug|Any CPU
		Debug|x64 = Debug|x64
		Debug|x86 = Debug|x86
		Release|Any CPU = Release|Any CPU
		Release|x64 = Release|x64
		Release|x86 = Release|x86
	EndGlobalSection
	GlobalSection(ProjectConfigurationPlatforms) = postSolution
		{3EDEC857-34A5-4B2F-AC32-1F2729BB08A1}.Debug|Any CPU.ActiveCfg = Debug|Any CPU
		{3EDEC857-34A5-4B2F-AC32-1F2729BB08A1}.Debug|Any CPU.Build.0 = Debug|Any CPU
		{3EDEC857-34A5-4B2F-AC32-1F2729BB08A1}.Debug|x64.ActiveCfg = Debug|Any CPU
		{3EDEC857-34A5-4B2F-AC32-1F2729BB08A1}.Debug|x64.Build.0 = Debug|Any CPU
		{3EDEC857-34A5-4B2F-AC32-1F2729BB08A1}.Debug|x86.ActiveCfg = Debug|Any CPU
		{3EDEC857-34A5-4B2F-AC32-1F2729BB08A1}.Debug|x86.Build.0 = Debug|Any CPU
		{3EDEC857-34A5-4B2F-AC32-1F2729BB08A1}.Release|Any CPU.ActiveCfg = Release|Any CPU
		{3EDEC857-34A5-4B2F-AC32-1F2729BB08A1}.Release|Any CPU.Build.0 = Release|Any CPU
		{3EDEC857-34A5-4B2F-AC32-1F2729BB08A1}.Release|x64.ActiveCfg = Release|Any CPU
		{3EDEC857-34A5-4B2F-AC32-1F2729BB08A1}.Release|x64.Build.0 = Release|Any CPU
		{3EDEC857-34A5-4B2F-AC32-1F2729BB08A1}.Release|x86.ActiveCfg = Release|Any CPU
		{3EDEC857-34A5-4B2F-AC32-1F2729BB08A1}.Release|x86.Build.0 = Release|Any CPU
		{B147C797-C293-4B8E-A8AC-22959345AEFE}.Debug|Any CPU.ActiveCfg = Debug|Any CPU
		{B147C797-C293-4B8E-A8AC-22959345AEFE}.Debug|Any CPU.Build.0 = Debug|Any CPU
		{B147C797-C293-4B8E-A8AC-22959345AEFE}.Debug|x64.ActiveCfg = Debug|Any CPU
		{B147C797-C293-4B8E-A8AC-22959345AEFE}.Debug|x64.Build.0 = Debug|Any CPU
		{B147C797-C293-4B8E-A8AC-22959345AEFE}.Debug|x86.ActiveCfg = Debug|Any CPU
		{B147C797-C293-4B8E-A8AC-22959345AEFE}.Debug|x86.Build.0 = Debug|Any CPU
		{B147C797-C293-4B8E-A8AC-22959345AEFE}.Release|Any CPU.ActiveCfg = Release|Any CPU
		{B147C797-C293-4B8E-A8AC-22959345AEFE}.Release|Any CPU.Build.0 = Release|Any CPU
		{B147C797-C293-4B8E-A8AC-22959345AEFE}.Release|x64.ActiveCfg = Release|Any CPU
		{B147C797-C293-4B8E-A8AC-22959345AEFE}.Release|x64.Build.0 = Release|Any CPU
		{B147C797-C293-4B8E-A8AC-22959345AEFE}.Release|x86.ActiveCfg = Release|Any CPU
		{B147C797-C293-4B8E-A8AC-22959345AEFE}.Release|x86.Build.0 = Release|Any CPU
	EndGlobalSection
	GlobalSection(SolutionProperties) = preSolution
		HideSolutionNode = FALSE
	EndGlobalSection
	GlobalSection(NestedProjects) = preSolution
		{3EDEC857-34A5-4B2F-AC32-1F2729BB08A1} = {46711499-C755-406C-AD34-F8E447AB22F7}
		{B147C797-C293-4B8E-A8AC-22959345AEFE} = {8520AC5A-016E-44AD-AE27-7F81BAC77825}
	EndGlobalSection
	GlobalSection(ExtensibilityGlobals) = postSolution
		SolutionGuid = {E935A582-5F29-44B1-B85F-CF0760883C4A}
	EndGlobalSection
EndGlobal
